
Microsoft Visual Studio Solution File, Format Version 12.00
# Visual Studio Version 16
VisualStudioVersion = 16.0.31911.196
MinimumVisualStudioVersion = 10.0.40219.1
Project("{9A19103F-16F7-4668-BE54-9A1E7A4F7556}") = "TimeSheetManagementCoreAPI", "TimeSheetManagementCoreAPI\TimeSheetManagementCoreAPI.csproj", "{3B86EDF1-F24C-4335-B787-6E7353B04BD7}"
EndProject
Project("{9A19103F-16F7-4668-BE54-9A1E7A4F7556}") = "TimeSheetManagement.BAL", "TimeSheetManagement.BAL\TimeSheetManagement.BAL.csproj", "{02E62B91-DCBE-4204-89E4-740912E54062}"
EndProject
Project("{9A19103F-16F7-4668-BE54-9A1E7A4F7556}") = "TimeSheetManagement.DAL", "TimeSheetManagement.DAL\TimeSheetManagement.DAL.csproj", "{9DB2A4E6-C11C-4CF9-B558-81C88958248C}"
EndProject
Project("{9A19103F-16F7-4668-BE54-9A1E7A4F7556}") = "TimeSheetManagement.Entity", "TimeSheetManagement.Entity\TimeSheetManagement.Entity.csproj", "{9C4EA3A4-FB01-480F-B4C5-881136AD7E77}"
EndProject
Project("{FAE04EC0-301F-11D3-BF4B-00C04F79EFBC}") = "TimeSheetManagement.UI", "TimeSheetManagement.UI\TimeSheetManagement.UI.csproj", "{411A965F-9726-452F-A111-1CBA56A7DB88}"
EndProject
Global
	GlobalSection(SolutionConfigurationPlatforms) = preSolution
		Debug|Any CPU = Debug|Any CPU
		Release|Any CPU = Release|Any CPU
	EndGlobalSection
	GlobalSection(ProjectConfigurationPlatforms) = postSolution
		{3B86EDF1-F24C-4335-B787-6E7353B04BD7}.Debug|Any CPU.ActiveCfg = Debug|Any CPU
		{3B86EDF1-F24C-4335-B787-6E7353B04BD7}.Debug|Any CPU.Build.0 = Debug|Any CPU
		{3B86EDF1-F24C-4335-B787-6E7353B04BD7}.Release|Any CPU.ActiveCfg = Release|Any CPU
		{3B86EDF1-F24C-4335-B787-6E7353B04BD7}.Release|Any CPU.Build.0 = Release|Any CPU
		{02E62B91-DCBE-4204-89E4-740912E54062}.Debug|Any CPU.ActiveCfg = Debug|Any CPU
		{02E62B91-DCBE-4204-89E4-740912E54062}.Debug|Any CPU.Build.0 = Debug|Any CPU
		{02E62B91-DCBE-4204-89E4-740912E54062}.Release|Any CPU.ActiveCfg = Release|Any CPU
		{02E62B91-DCBE-4204-89E4-740912E54062}.Release|Any CPU.Build.0 = Release|Any CPU
		{9DB2A4E6-C11C-4CF9-B558-81C88958248C}.Debug|Any CPU.ActiveCfg = Debug|Any CPU
		{9DB2A4E6-C11C-4CF9-B558-81C88958248C}.Debug|Any CPU.Build.0 = Debug|Any CPU
		{9DB2A4E6-C11C-4CF9-B558-81C88958248C}.Release|Any CPU.ActiveCfg = Release|Any CPU
		{9DB2A4E6-C11C-4CF9-B558-81C88958248C}.Release|Any CPU.Build.0 = Release|Any CPU
		{9C4EA3A4-FB01-480F-B4C5-881136AD7E77}.Debug|Any CPU.ActiveCfg = Debug|Any CPU
		{9C4EA3A4-FB01-480F-B4C5-881136AD7E77}.Debug|Any CPU.Build.0 = Debug|Any CPU
		{9C4EA3A4-FB01-480F-B4C5-881136AD7E77}.Release|Any CPU.ActiveCfg = Release|Any CPU
		{9C4EA3A4-FB01-480F-B4C5-881136AD7E77}.Release|Any CPU.Build.0 = Release|Any CPU
		{411A965F-9726-452F-A111-1CBA56A7DB88}.Debug|Any CPU.ActiveCfg = Debug|Any CPU
		{411A965F-9726-452F-A111-1CBA56A7DB88}.Debug|Any CPU.Build.0 = Debug|Any CPU
		{411A965F-9726-452F-A111-1CBA56A7DB88}.Release|Any CPU.ActiveCfg = Release|Any CPU
		{411A965F-9726-452F-A111-1CBA56A7DB88}.Release|Any CPU.Build.0 = Release|Any CPU
	EndGlobalSection
	GlobalSection(SolutionProperties) = preSolution
		HideSolutionNode = FALSE
	EndGlobalSection
	GlobalSection(ExtensibilityGlobals) = postSolution
		SolutionGuid = {18D2348D-32B9-44D6-8082-8BF5EFBB71DA}
	EndGlobalSection
EndGlobal
