
Microsoft Visual Studio Solution File, Format Version 12.00
# Visual Studio Version 16
VisualStudioVersion = 16.0.31911.196
MinimumVisualStudioVersion = 10.0.40219.1
Project("{9A19103F-16F7-4668-BE54-9A1E7A4F7556}") = "EmployeePOC.WebApi", "EmployeePOC.WebApi\EmployeePOC.WebApi.csproj", "{F8C73108-8AD5-4402-BC33-C9B1C0857545}"
EndProject
Project("{2150E333-8FDC-42A3-9474-1A3956D46DE8}") = "Tests", "Tests", "{5083D115-68E4-4CBF-AAD9-F481D4459A2C}"
EndProject
Project("{FAE04EC0-301F-11D3-BF4B-00C04F79EFBC}") = "EmployeePOC.WebApi.UnitTest", "EmployeePOC.WebApi.UnitTest\EmployeePOC.WebApi.UnitTest.csproj", "{BED5A59D-EC5F-4428-8FD9-049EC5E4AC51}"
EndProject
Global
	GlobalSection(SolutionConfigurationPlatforms) = preSolution
		Debug|Any CPU = Debug|Any CPU
		Release|Any CPU = Release|Any CPU
	EndGlobalSection
	GlobalSection(ProjectConfigurationPlatforms) = postSolution
		{F8C73108-8AD5-4402-BC33-C9B1C0857545}.Debug|Any CPU.ActiveCfg = Debug|Any CPU
		{F8C73108-8AD5-4402-BC33-C9B1C0857545}.Debug|Any CPU.Build.0 = Debug|Any CPU
		{F8C73108-8AD5-4402-BC33-C9B1C0857545}.Release|Any CPU.ActiveCfg = Release|Any CPU
		{F8C73108-8AD5-4402-BC33-C9B1C0857545}.Release|Any CPU.Build.0 = Release|Any CPU
		{BED5A59D-EC5F-4428-8FD9-049EC5E4AC51}.Debug|Any CPU.ActiveCfg = Debug|Any CPU
		{BED5A59D-EC5F-4428-8FD9-049EC5E4AC51}.Debug|Any CPU.Build.0 = Debug|Any CPU
		{BED5A59D-EC5F-4428-8FD9-049EC5E4AC51}.Release|Any CPU.ActiveCfg = Release|Any CPU
		{BED5A59D-EC5F-4428-8FD9-049EC5E4AC51}.Release|Any CPU.Build.0 = Release|Any CPU
	EndGlobalSection
	GlobalSection(SolutionProperties) = preSolution
		HideSolutionNode = FALSE
	EndGlobalSection
	GlobalSection(NestedProjects) = preSolution
		{BED5A59D-EC5F-4428-8FD9-049EC5E4AC51} = {5083D115-68E4-4CBF-AAD9-F481D4459A2C}
	EndGlobalSection
	GlobalSection(ExtensibilityGlobals) = postSolution
		SolutionGuid = {8C88774B-00AC-4375-9F57-12DECE8E56B2}
	EndGlobalSection
EndGlobal
